
Microsoft Visual Studio Solution File, Format Version 12.00
# Visual Studio Version 17
VisualStudioVersion = 17.3.32929.385
MinimumVisualStudioVersion = 10.0.40219.1
Project("{FAE04EC0-301F-11D3-BF4B-00C04F79EFBC}") = "HDLethalCompany", "HDLethalCompanyRemake\HDLethalCompany.csproj", "{7F379BC1-1FD4-4C72-9247-A181862EEC6B}"
EndProject
Global
	GlobalSection(SolutionConfigurationPlatforms) = preSolution
		Debug|Any CPU = Debug|Any CPU
		Release|Any CPU = Release|Any CPU
	EndGlobalSection
	GlobalSection(ProjectConfigurationPlatforms) = postSolution
		{7F379BC1-1FD4-4C72-9247-A181862EEC6B}.Debug|Any CPU.ActiveCfg = Debug|Any CPU
		{7F379BC1-1FD4-4C72-9247-A181862EEC6B}.Debug|Any CPU.Build.0 = Debug|Any CPU
		{7F379BC1-1FD4-4C72-9247-A181862EEC6B}.Release|Any CPU.ActiveCfg = Release|Any CPU
		{7F379BC1-1FD4-4C72-9247-A181862EEC6B}.Release|Any CPU.Build.0 = Release|Any CPU
	EndGlobalSection
	GlobalSection(SolutionProperties) = preSolution
		HideSolutionNode = FALSE
	EndGlobalSection
	GlobalSection(ExtensibilityGlobals) = postSolution
		SolutionGuid = {2A2EBBF4-2D78-4E2A-B498-7BD636D609F4}
	EndGlobalSection
EndGlobal
